<?xml version="1.0" encoding="utf-8"?>
<Project ToolsVersion="4.0" xmlns="http://schemas.microsoft.com/developer/msbuild/2003">
  <ItemGroup>
    <Filter Include="src">
      <UniqueIdentifier>{96136750-cce9-4aad-b596-71d24fbc47c1}</UniqueIdentifier>
    </Filter>
    <Filter Include="include">
      <UniqueIdentifier>{086ea112-4c79-4013-bad8-8df832a39b5b}</UniqueIdentifier>
    </Filter>
  </ItemGroup>
  <ItemGroup>
    <ClCompile Include="src\main.cpp">
      <Filter>src</Filter>
    </ClCompile>
    <ClCompile Include="src\functionFactory.cpp">
      <Filter>src</Filter>
    </ClCompile>
    <ClCompile Include="src\derivative.cpp">
      <Filter>src</Filter>
    </ClCompile>
  </ItemGroup>
  <ItemGroup>
    <ClInclude Include="include\functionFactory.hpp">
      <Filter>include</Filter>
    </ClInclude>
    <ClInclude Include="include\derivative.hpp">
      <Filter>include</Filter>
    </ClInclude>
    <ClInclude Include="include\common.hpp">
      <Filter>include</Filter>
    </ClInclude>
  </ItemGroup>
</Project>